
Microsoft Visual Studio Solution File, Format Version 12.00
# Visual Studio 15
VisualStudioVersion = 15.0.26430.13
MinimumVisualStudioVersion = 10.0.40219.1
Project("{2150E333-8FDC-42A3-9474-1A3956D46DE8}") = "src", "src", "{22F6D195-96B9-4692-A0F7-940A159FBAA6}"
EndProject
Project("{2150E333-8FDC-42A3-9474-1A3956D46DE8}") = "Solution Items", "Solution Items", "{245EBFD3-0645-433F-8B56-29E38A7CF9FC}"
EndProject
Project("{9A19103F-16F7-4668-BE54-9A1E7A4F7556}") = "Senserv", "src\Senserv\Senserv.csproj", "{CBE4D090-5B5D-433D-B0C1-0782A013187E}"
EndProject
Project("{9A19103F-16F7-4668-BE54-9A1E7A4F7556}") = "Lynkio.CoreFramework", "src\Lynkio.CoreFramework\Lynkio.CoreFramework.csproj", "{A6B07922-75E9-4FDE-9AE7-616BB5B718A8}"
EndProject
Global
	GlobalSection(SolutionConfigurationPlatforms) = preSolution
		Debug|Any CPU = Debug|Any CPU
		Release|Any CPU = Release|Any CPU
	EndGlobalSection
	GlobalSection(ProjectConfigurationPlatforms) = postSolution
		{CBE4D090-5B5D-433D-B0C1-0782A013187E}.Debug|Any CPU.ActiveCfg = Debug|Any CPU
		{CBE4D090-5B5D-433D-B0C1-0782A013187E}.Debug|Any CPU.Build.0 = Debug|Any CPU
		{CBE4D090-5B5D-433D-B0C1-0782A013187E}.Release|Any CPU.ActiveCfg = Release|Any CPU
		{CBE4D090-5B5D-433D-B0C1-0782A013187E}.Release|Any CPU.Build.0 = Release|Any CPU
		{A6B07922-75E9-4FDE-9AE7-616BB5B718A8}.Debug|Any CPU.ActiveCfg = Debug|Any CPU
		{A6B07922-75E9-4FDE-9AE7-616BB5B718A8}.Debug|Any CPU.Build.0 = Debug|Any CPU
		{A6B07922-75E9-4FDE-9AE7-616BB5B718A8}.Release|Any CPU.ActiveCfg = Release|Any CPU
		{A6B07922-75E9-4FDE-9AE7-616BB5B718A8}.Release|Any CPU.Build.0 = Release|Any CPU
	EndGlobalSection
	GlobalSection(SolutionProperties) = preSolution
		HideSolutionNode = FALSE
	EndGlobalSection
	GlobalSection(NestedProjects) = preSolution
		{CBE4D090-5B5D-433D-B0C1-0782A013187E} = {22F6D195-96B9-4692-A0F7-940A159FBAA6}
		{A6B07922-75E9-4FDE-9AE7-616BB5B718A8} = {22F6D195-96B9-4692-A0F7-940A159FBAA6}
	EndGlobalSection
EndGlobal
